
Microsoft Visual Studio Solution File, Format Version 12.00
# Visual Studio 2013
VisualStudioVersion = 12.0.31206.0
MinimumVisualStudioVersion = 10.0.40219.1
Project("{FAE04EC0-301F-11D3-BF4B-00C04F79EFBC}") = "Meridian59", "Meridian59\Meridian59.csproj", "{E8223F3F-3F18-4F4C-9A8F-D9102B067BE3}"
EndProject
Project("{FAE04EC0-301F-11D3-BF4B-00C04F79EFBC}") = "Meridian59.BgfEditor", "Meridian59.BgfEditor\Meridian59.BgfEditor.csproj", "{CD526045-BF2A-4D19-9823-2FCD9DFC9158}"
EndProject
Project("{FAE04EC0-301F-11D3-BF4B-00C04F79EFBC}") = "Meridian59.DebugUI", "Meridian59.DebugUI\Meridian59.DebugUI.csproj", "{C8938199-AB12-4A43-AAB0-C8F7043E46E9}"
EndProject
Project("{FAE04EC0-301F-11D3-BF4B-00C04F79EFBC}") = "Meridian59.ExampleClient", "Meridian59.ExampleClient\Meridian59.ExampleClient.csproj", "{EA1643C9-481D-4D23-B21B-2CC7DE34291D}"
EndProject
Project("{8BC9CEB8-8B4A-11D0-8D11-00A0C91BC942}") = "Meridian59.Ogre.Client", "Meridian59.Ogre.Client\Meridian59.Ogre.Client.vcxproj", "{96EEE7B3-2425-4686-8DC3-44405E00641D}"
EndProject
Project("{FAE04EC0-301F-11D3-BF4B-00C04F79EFBC}") = "Meridian59.Bot.Shop", "Meridian59.Bot.Shop\Meridian59.Bot.Shop.csproj", "{2ECEE486-9183-4FE2-BBBE-166389BD9425}"
EndProject
Project("{FAE04EC0-301F-11D3-BF4B-00C04F79EFBC}") = "Meridian59.Bot.Spell", "Meridian59.Bot.Spell\Meridian59.Bot.Spell.csproj", "{2ACD78EA-7521-4B25-A873-494B4EFE060B}"
EndProject
Project("{FAE04EC0-301F-11D3-BF4B-00C04F79EFBC}") = "Meridian59.Bot.IRC", "Meridian59.Bot.IRC\Meridian59.Bot.IRC.csproj", "{98701DA6-B2D8-4251-8FF3-1A49A52D727D}"
EndProject
Project("{FAE04EC0-301F-11D3-BF4B-00C04F79EFBC}") = "Meridian59.UnitTest", "Meridian59.UnitTest\Meridian59.UnitTest.csproj", "{8FBE0255-812F-45F4-9CC2-094A9F34DCCC}"
EndProject
Project("{FAE04EC0-301F-11D3-BF4B-00C04F79EFBC}") = "Meridian59.RooViewer", "Meridian59.RooViewer\Meridian59.RooViewer.csproj", "{EDD8A1EF-0E47-4567-BF78-7A7DF8E5BEA0}"
EndProject
Global
	GlobalSection(SolutionConfigurationPlatforms) = preSolution
		Debug|Any CPU = Debug|Any CPU
		Debug|x64 = Debug|x64
		Debug|x86 = Debug|x86
		Release|Any CPU = Release|Any CPU
		Release|x64 = Release|x64
		Release|x86 = Release|x86
	EndGlobalSection
	GlobalSection(ProjectConfigurationPlatforms) = postSolution
		{E8223F3F-3F18-4F4C-9A8F-D9102B067BE3}.Debug|Any CPU.ActiveCfg = Debug|Any CPU
		{E8223F3F-3F18-4F4C-9A8F-D9102B067BE3}.Debug|Any CPU.Build.0 = Debug|Any CPU
		{E8223F3F-3F18-4F4C-9A8F-D9102B067BE3}.Debug|x64.ActiveCfg = Debug|x64
		{E8223F3F-3F18-4F4C-9A8F-D9102B067BE3}.Debug|x64.Build.0 = Debug|x64
		{E8223F3F-3F18-4F4C-9A8F-D9102B067BE3}.Debug|x86.ActiveCfg = Debug|x86
		{E8223F3F-3F18-4F4C-9A8F-D9102B067BE3}.Debug|x86.Build.0 = Debug|x86
		{E8223F3F-3F18-4F4C-9A8F-D9102B067BE3}.Release|Any CPU.ActiveCfg = Release|Any CPU
		{E8223F3F-3F18-4F4C-9A8F-D9102B067BE3}.Release|Any CPU.Build.0 = Release|Any CPU
		{E8223F3F-3F18-4F4C-9A8F-D9102B067BE3}.Release|x64.ActiveCfg = Release|x64
		{E8223F3F-3F18-4F4C-9A8F-D9102B067BE3}.Release|x64.Build.0 = Release|x64
		{E8223F3F-3F18-4F4C-9A8F-D9102B067BE3}.Release|x86.ActiveCfg = Release|x86
		{E8223F3F-3F18-4F4C-9A8F-D9102B067BE3}.Release|x86.Build.0 = Release|x86
		{CD526045-BF2A-4D19-9823-2FCD9DFC9158}.Debug|Any CPU.ActiveCfg = Debug|x86
		{CD526045-BF2A-4D19-9823-2FCD9DFC9158}.Debug|x64.ActiveCfg = Debug|x64
		{CD526045-BF2A-4D19-9823-2FCD9DFC9158}.Debug|x64.Build.0 = Debug|x64
		{CD526045-BF2A-4D19-9823-2FCD9DFC9158}.Debug|x86.ActiveCfg = Debug|x86
		{CD526045-BF2A-4D19-9823-2FCD9DFC9158}.Debug|x86.Build.0 = Debug|x86
		{CD526045-BF2A-4D19-9823-2FCD9DFC9158}.Release|Any CPU.ActiveCfg = Release|x86
		{CD526045-BF2A-4D19-9823-2FCD9DFC9158}.Release|x64.ActiveCfg = Release|x64
		{CD526045-BF2A-4D19-9823-2FCD9DFC9158}.Release|x64.Build.0 = Release|x64
		{CD526045-BF2A-4D19-9823-2FCD9DFC9158}.Release|x86.ActiveCfg = Release|x86
		{CD526045-BF2A-4D19-9823-2FCD9DFC9158}.Release|x86.Build.0 = Release|x86
		{C8938199-AB12-4A43-AAB0-C8F7043E46E9}.Debug|Any CPU.ActiveCfg = Debug|x86
		{C8938199-AB12-4A43-AAB0-C8F7043E46E9}.Debug|x64.ActiveCfg = Debug|x64
		{C8938199-AB12-4A43-AAB0-C8F7043E46E9}.Debug|x64.Build.0 = Debug|x64
		{C8938199-AB12-4A43-AAB0-C8F7043E46E9}.Debug|x86.ActiveCfg = Debug|x86
		{C8938199-AB12-4A43-AAB0-C8F7043E46E9}.Debug|x86.Build.0 = Debug|x86
		{C8938199-AB12-4A43-AAB0-C8F7043E46E9}.Release|Any CPU.ActiveCfg = Release|x86
		{C8938199-AB12-4A43-AAB0-C8F7043E46E9}.Release|x64.ActiveCfg = Release|x64
		{C8938199-AB12-4A43-AAB0-C8F7043E46E9}.Release|x64.Build.0 = Release|x64
		{C8938199-AB12-4A43-AAB0-C8F7043E46E9}.Release|x86.ActiveCfg = Release|x86
		{C8938199-AB12-4A43-AAB0-C8F7043E46E9}.Release|x86.Build.0 = Release|x86
		{EA1643C9-481D-4D23-B21B-2CC7DE34291D}.Debug|Any CPU.ActiveCfg = Debug|x86
		{EA1643C9-481D-4D23-B21B-2CC7DE34291D}.Debug|x64.ActiveCfg = Debug|x64
		{EA1643C9-481D-4D23-B21B-2CC7DE34291D}.Debug|x64.Build.0 = Debug|x64
		{EA1643C9-481D-4D23-B21B-2CC7DE34291D}.Debug|x86.ActiveCfg = Debug|x86
		{EA1643C9-481D-4D23-B21B-2CC7DE34291D}.Debug|x86.Build.0 = Debug|x86
		{EA1643C9-481D-4D23-B21B-2CC7DE34291D}.Release|Any CPU.ActiveCfg = Release|x86
		{EA1643C9-481D-4D23-B21B-2CC7DE34291D}.Release|x64.ActiveCfg = Release|x64
		{EA1643C9-481D-4D23-B21B-2CC7DE34291D}.Release|x64.Build.0 = Release|x64
		{EA1643C9-481D-4D23-B21B-2CC7DE34291D}.Release|x86.ActiveCfg = Release|x86
		{EA1643C9-481D-4D23-B21B-2CC7DE34291D}.Release|x86.Build.0 = Release|x86
		{96EEE7B3-2425-4686-8DC3-44405E00641D}.Debug|Any CPU.ActiveCfg = Debug|Win32
		{96EEE7B3-2425-4686-8DC3-44405E00641D}.Debug|x64.ActiveCfg = Debug|x64
		{96EEE7B3-2425-4686-8DC3-44405E00641D}.Debug|x64.Build.0 = Debug|x64
		{96EEE7B3-2425-4686-8DC3-44405E00641D}.Debug|x86.ActiveCfg = Debug|Win32
		{96EEE7B3-2425-4686-8DC3-44405E00641D}.Debug|x86.Build.0 = Debug|Win32
		{96EEE7B3-2425-4686-8DC3-44405E00641D}.Release|Any CPU.ActiveCfg = Release|Win32
		{96EEE7B3-2425-4686-8DC3-44405E00641D}.Release|x64.ActiveCfg = Release|x64
		{96EEE7B3-2425-4686-8DC3-44405E00641D}.Release|x64.Build.0 = Release|x64
		{96EEE7B3-2425-4686-8DC3-44405E00641D}.Release|x86.ActiveCfg = Release|Win32
		{96EEE7B3-2425-4686-8DC3-44405E00641D}.Release|x86.Build.0 = Release|Win32
		{2ECEE486-9183-4FE2-BBBE-166389BD9425}.Debug|Any CPU.ActiveCfg = Debug|x86
		{2ECEE486-9183-4FE2-BBBE-166389BD9425}.Debug|x64.ActiveCfg = Debug|x64
		{2ECEE486-9183-4FE2-BBBE-166389BD9425}.Debug|x64.Build.0 = Debug|x64
		{2ECEE486-9183-4FE2-BBBE-166389BD9425}.Debug|x86.ActiveCfg = Debug|x86
		{2ECEE486-9183-4FE2-BBBE-166389BD9425}.Debug|x86.Build.0 = Debug|x86
		{2ECEE486-9183-4FE2-BBBE-166389BD9425}.Release|Any CPU.ActiveCfg = Release|x86
		{2ECEE486-9183-4FE2-BBBE-166389BD9425}.Release|x64.ActiveCfg = Release|x64
		{2ECEE486-9183-4FE2-BBBE-166389BD9425}.Release|x64.Build.0 = Release|x64
		{2ECEE486-9183-4FE2-BBBE-166389BD9425}.Release|x86.ActiveCfg = Release|x86
		{2ECEE486-9183-4FE2-BBBE-166389BD9425}.Release|x86.Build.0 = Release|x86
		{2ACD78EA-7521-4B25-A873-494B4EFE060B}.Debug|Any CPU.ActiveCfg = Debug|x86
		{2ACD78EA-7521-4B25-A873-494B4EFE060B}.Debug|x64.ActiveCfg = Debug|x64
		{2ACD78EA-7521-4B25-A873-494B4EFE060B}.Debug|x64.Build.0 = Debug|x64
		{2ACD78EA-7521-4B25-A873-494B4EFE060B}.Debug|x86.ActiveCfg = Debug|x86
		{2ACD78EA-7521-4B25-A873-494B4EFE060B}.Debug|x86.Build.0 = Debug|x86
		{2ACD78EA-7521-4B25-A873-494B4EFE060B}.Release|Any CPU.ActiveCfg = Release|x86
		{2ACD78EA-7521-4B25-A873-494B4EFE060B}.Release|x64.ActiveCfg = Release|x64
		{2ACD78EA-7521-4B25-A873-494B4EFE060B}.Release|x64.Build.0 = Release|x64
		{2ACD78EA-7521-4B25-A873-494B4EFE060B}.Release|x86.ActiveCfg = Release|x86
		{2ACD78EA-7521-4B25-A873-494B4EFE060B}.Release|x86.Build.0 = Release|x86
		{98701DA6-B2D8-4251-8FF3-1A49A52D727D}.Debug|Any CPU.ActiveCfg = Debug|x86
		{98701DA6-B2D8-4251-8FF3-1A49A52D727D}.Debug|x64.ActiveCfg = Debug|x64
		{98701DA6-B2D8-4251-8FF3-1A49A52D727D}.Debug|x64.Build.0 = Debug|x64
		{98701DA6-B2D8-4251-8FF3-1A49A52D727D}.Debug|x86.ActiveCfg = Debug|x86
		{98701DA6-B2D8-4251-8FF3-1A49A52D727D}.Debug|x86.Build.0 = Debug|x86
		{98701DA6-B2D8-4251-8FF3-1A49A52D727D}.Release|Any CPU.ActiveCfg = Release|x86
		{98701DA6-B2D8-4251-8FF3-1A49A52D727D}.Release|x64.ActiveCfg = Release|x64
		{98701DA6-B2D8-4251-8FF3-1A49A52D727D}.Release|x64.Build.0 = Release|x64
		{98701DA6-B2D8-4251-8FF3-1A49A52D727D}.Release|x86.ActiveCfg = Release|x86
		{98701DA6-B2D8-4251-8FF3-1A49A52D727D}.Release|x86.Build.0 = Release|x86
		{8FBE0255-812F-45F4-9CC2-094A9F34DCCC}.Debug|Any CPU.ActiveCfg = Debug|Any CPU
		{8FBE0255-812F-45F4-9CC2-094A9F34DCCC}.Debug|x64.ActiveCfg = Debug|x64
		{8FBE0255-812F-45F4-9CC2-094A9F34DCCC}.Debug|x64.Build.0 = Debug|x64
		{8FBE0255-812F-45F4-9CC2-094A9F34DCCC}.Debug|x86.ActiveCfg = Debug|x86
		{8FBE0255-812F-45F4-9CC2-094A9F34DCCC}.Debug|x86.Build.0 = Debug|x86
		{8FBE0255-812F-45F4-9CC2-094A9F34DCCC}.Release|Any CPU.ActiveCfg = Release|Any CPU
		{8FBE0255-812F-45F4-9CC2-094A9F34DCCC}.Release|x64.ActiveCfg = Release|x64
		{8FBE0255-812F-45F4-9CC2-094A9F34DCCC}.Release|x64.Build.0 = Release|x64
		{8FBE0255-812F-45F4-9CC2-094A9F34DCCC}.Release|x86.ActiveCfg = Release|x86
		{8FBE0255-812F-45F4-9CC2-094A9F34DCCC}.Release|x86.Build.0 = Release|x86
		{EDD8A1EF-0E47-4567-BF78-7A7DF8E5BEA0}.Debug|Any CPU.ActiveCfg = Debug|x86
		{EDD8A1EF-0E47-4567-BF78-7A7DF8E5BEA0}.Debug|x64.ActiveCfg = Debug|x64
		{EDD8A1EF-0E47-4567-BF78-7A7DF8E5BEA0}.Debug|x64.Build.0 = Debug|x64
		{EDD8A1EF-0E47-4567-BF78-7A7DF8E5BEA0}.Debug|x86.ActiveCfg = Debug|x86
		{EDD8A1EF-0E47-4567-BF78-7A7DF8E5BEA0}.Debug|x86.Build.0 = Debug|x86
		{EDD8A1EF-0E47-4567-BF78-7A7DF8E5BEA0}.Release|Any CPU.ActiveCfg = Release|x86
		{EDD8A1EF-0E47-4567-BF78-7A7DF8E5BEA0}.Release|x64.ActiveCfg = Release|x64
		{EDD8A1EF-0E47-4567-BF78-7A7DF8E5BEA0}.Release|x64.Build.0 = Release|x64
		{EDD8A1EF-0E47-4567-BF78-7A7DF8E5BEA0}.Release|x86.ActiveCfg = Release|x86
		{EDD8A1EF-0E47-4567-BF78-7A7DF8E5BEA0}.Release|x86.Build.0 = Release|x86
	EndGlobalSection
	GlobalSection(SolutionProperties) = preSolution
		HideSolutionNode = FALSE
	EndGlobalSection
EndGlobal
